
Microsoft Visual Studio Solution File, Format Version 12.00
# Visual Studio Version 16
VisualStudioVersion = 16.0.30709.132
MinimumVisualStudioVersion = 10.0.40219.1
Project("{FAE04EC0-301F-11D3-BF4B-00C04F79EFBC}") = "GETest", "GETest\GETest.csproj", "{989FD28F-9459-4008-913B-7D7C0856D00D}"
EndProject
Global
	GlobalSection(SolutionConfigurationPlatforms) = preSolution
		Debug|Any CPU = Debug|Any CPU
		Release|Any CPU = Release|Any CPU
	EndGlobalSection
	GlobalSection(ProjectConfigurationPlatforms) = postSolution
		{989FD28F-9459-4008-913B-7D7C0856D00D}.Debug|Any CPU.ActiveCfg = Debug|Any CPU
		{989FD28F-9459-4008-913B-7D7C0856D00D}.Debug|Any CPU.Build.0 = Debug|Any CPU
		{989FD28F-9459-4008-913B-7D7C0856D00D}.Release|Any CPU.ActiveCfg = Release|Any CPU
		{989FD28F-9459-4008-913B-7D7C0856D00D}.Release|Any CPU.Build.0 = Release|Any CPU
	EndGlobalSection
	GlobalSection(SolutionProperties) = preSolution
		HideSolutionNode = FALSE
	EndGlobalSection
	GlobalSection(ExtensibilityGlobals) = postSolution
		SolutionGuid = {372EFB9E-B1E5-4D72-AE13-C3392C447085}
	EndGlobalSection
EndGlobal
